# THIS IS AN AUTOGENERATED FILE. DO NOT EDIT THIS FILE DIRECTLY.
# yarn lockfile v1


"@ctrl/tinycolor@^3.4.1":
  version "3.4.1"
  resolved "https://registry.yarnpkg.com/@ctrl/tinycolor/-/tinycolor-3.4.1.tgz#75b4c27948c81e88ccd3a8902047bcd797f38d32"
  integrity sha512-ej5oVy6lykXsvieQtqZxCOaLT+xD4+QNarq78cIYISHmZXshCvROLudpQN3lfL8G0NL7plMSSK+zlyvCaIJ4Iw==

"@element-plus/icons-vue@^2.0.6":
  version "2.0.9"
  resolved "https://registry.yarnpkg.com/@element-plus/icons-vue/-/icons-vue-2.0.9.tgz#b7777c57534522e387303d194451d50ff549d49a"
  integrity sha512-okdrwiVeKBmW41Hkl0eMrXDjzJwhQMuKiBOu17rOszqM+LS/yBYpNQNV5Jvoh06Wc+89fMmb/uhzf8NZuDuUaQ==

"@floating-ui/core@^1.0.1":
  version "1.0.1"
  resolved "https://registry.yarnpkg.com/@floating-ui/core/-/core-1.0.1.tgz#00e64d74e911602c8533957af0cce5af6b2e93c8"
  integrity sha512-bO37brCPfteXQfFY0DyNDGB3+IMe4j150KFQcgJ5aBP295p9nBGeHEs/p0czrRbtlHq4Px/yoPXO/+dOCcF4uA==

"@floating-ui/dom@^1.0.1":
  version "1.0.2"
  resolved "https://registry.yarnpkg.com/@floating-ui/dom/-/dom-1.0.2.tgz#c5184c52c6f50abd11052d71204f4be2d9245237"
  integrity sha512-5X9WSvZ8/fjy3gDu8yx9HAA4KG1lazUN2P4/VnaXLxTO9Dz53HI1oYoh1OlhqFNlHgGDiwFX5WhFCc2ljbW3yA==
  dependencies:
    "@floating-ui/core" "^1.0.1"

"@formkl/utils@^0.0.1-alpha-2":
  version "0.0.1-alpha-2"
  resolved "https://registry.yarnpkg.com/@formkl/utils/-/utils-0.0.1-alpha-2.tgz#22d046a2b157681c80d87bc0fd1e1c23c9498666"
  integrity sha512-dMQDpOQF/QsIeBd4lIHBV+j46xoS1jcesjkFWZyD8A/RZLGuSIL3VRmdRlzuPgOwmRETx6L2M4ASQlROWXJm5A==
  dependencies:
    formkl "^0.0.8-alpha-6"

"@popperjs/core@npm:@sxzz/popperjs-es@^2.11.7":
  version "2.11.7"
  resolved "https://registry.yarnpkg.com/@sxzz/popperjs-es/-/popperjs-es-2.11.7.tgz#a7f69e3665d3da9b115f9e71671dae1b97e13671"
  integrity sha512-Ccy0NlLkzr0Ex2FKvh2X+OyERHXJ88XJ1MXtsI9y9fGexlaXaVTPzBCRBwIxFkORuOb+uBqeu+RqnpgYTEZRUQ==

"@types/lodash-es@^4.17.6":
  version "4.17.6"
  resolved "https://registry.yarnpkg.com/@types/lodash-es/-/lodash-es-4.17.6.tgz#c2ed4c8320ffa6f11b43eb89e9eaeec65966a0a0"
  integrity sha512-R+zTeVUKDdfoRxpAryaQNRKk3105Rrgx2CFRClIgRGaqDTdjsm8h6IYA8ir584W3ePzkZfst5xIgDwYrlh9HLg==
  dependencies:
    "@types/lodash" "*"

"@types/lodash@*", "@types/lodash@^4.14.182":
  version "4.14.185"
  resolved "https://registry.yarnpkg.com/@types/lodash/-/lodash-4.14.185.tgz#c9843f5a40703a8f5edfd53358a58ae729816908"
  integrity sha512-evMDG1bC4rgQg4ku9tKpuMh5iBNEwNa3tf9zRHdP1qlv+1WUg44xat4IxCE14gIpZRGUUWAx2VhItCZc25NfMA==

"@types/web-bluetooth@^0.0.15":
  version "0.0.15"
  resolved "https://registry.yarnpkg.com/@types/web-bluetooth/-/web-bluetooth-0.0.15.tgz#d60330046a6ed8a13b4a53df3813c44942ebdf72"
  integrity sha512-w7hEHXnPMEZ+4nGKl/KDRVpxkwYxYExuHOYXyzIzCDzEZ9ZCGMAewulr9IqJu2LR4N37fcnb1XVeuZ09qgOxhA==

"@vueuse/core@^9.1.0":
  version "9.2.0"
  resolved "https://registry.yarnpkg.com/@vueuse/core/-/core-9.2.0.tgz#58e3588b9bc5a69010aa9104b00056ee9ebff738"
  integrity sha512-/MZ6qpz6uSyaXrtoeBWQzAKRG3N7CvfVWvQxiM3ei3Xe5ydOjjtVbo7lGl9p8dECV93j7W8s63A8H0kFLpLyxg==
  dependencies:
    "@types/web-bluetooth" "^0.0.15"
    "@vueuse/metadata" "9.2.0"
    "@vueuse/shared" "9.2.0"
    vue-demi "*"

"@vueuse/metadata@9.2.0":
  version "9.2.0"
  resolved "https://registry.yarnpkg.com/@vueuse/metadata/-/metadata-9.2.0.tgz#6bf7c9c44b9f5ece405837226a0e04a997994458"
  integrity sha512-exN4KE6iquxDCdt72BgEhb3tlOpECtD61AUdXnUqBTIUCl70x1Ar/QXo3bYcvxmdMS2/peQyfeTzBjRTpvL5xw==

"@vueuse/shared@9.2.0":
  version "9.2.0"
  resolved "https://registry.yarnpkg.com/@vueuse/shared/-/shared-9.2.0.tgz#7831051b2c1d01c3413c749468ee53a86024510e"
  integrity sha512-NnRp/noSWuXW0dKhZK5D0YLrDi0nmZ18UeEgwXQq7Ul5TTP93lcNnKjrHtd68j2xFB/l59yPGFlCryL692bnrA==
  dependencies:
    vue-demi "*"

async-validator@^4.2.5:
  version "4.2.5"
  resolved "https://registry.yarnpkg.com/async-validator/-/async-validator-4.2.5.tgz#c96ea3332a521699d0afaaceed510a54656c6339"
  integrity sha512-7HhHjtERjqlNbZtqNqy2rckN/SpOOlmDliet+lP7k+eKZEjPk3DgyeU9lIXLdeLz0uBbbVp+9Qdow9wJWgwwfg==

dayjs@^1.11.3:
  version "1.11.5"
  resolved "https://registry.yarnpkg.com/dayjs/-/dayjs-1.11.5.tgz#00e8cc627f231f9499c19b38af49f56dc0ac5e93"
  integrity sha512-CAdX5Q3YW3Gclyo5Vpqkgpj8fSdLQcRuzfX6mC6Phy0nfJ0eGYOeS7m4mt2plDWLAtA4TqTakvbboHvUxfe4iA==

element-plus@^2.2.16:
  version "2.2.17"
  resolved "https://registry.yarnpkg.com/element-plus/-/element-plus-2.2.17.tgz#abbb12c19dc029c95b0271822ea9a0e635704bc2"
  integrity sha512-MGwMIE/q+FFD3kgS23x8HIe5043tmD1cTRwjhIX9o6fim1avFnUkrsfYRvybbz4CkyqSb185EheZS5AUPpXh2g==
  dependencies:
    "@ctrl/tinycolor" "^3.4.1"
    "@element-plus/icons-vue" "^2.0.6"
    "@floating-ui/dom" "^1.0.1"
    "@popperjs/core" "npm:@sxzz/popperjs-es@^2.11.7"
    "@types/lodash" "^4.14.182"
    "@types/lodash-es" "^4.17.6"
    "@vueuse/core" "^9.1.0"
    async-validator "^4.2.5"
    dayjs "^1.11.3"
    escape-html "^1.0.3"
    lodash "^4.17.21"
    lodash-es "^4.17.21"
    lodash-unified "^1.0.2"
    memoize-one "^6.0.0"
    normalize-wheel-es "^1.2.0"

escape-html@^1.0.3:
  version "1.0.3"
  resolved "https://registry.yarnpkg.com/escape-html/-/escape-html-1.0.3.tgz#0258eae4d3d0c0974de1c169188ef0051d1d1988"
  integrity sha512-NiSupZ4OeuGwr68lGIeym/ksIZMJodUGOSCZ/FSnTxcrekbvqrgdUxlJOMpijaKZVjAJrWrGs/6Jy8OMuyj9ow==

formkl@^0.0.8-alpha-6:
  version "0.0.8-alpha-7"
  resolved "https://registry.yarnpkg.com/formkl/-/formkl-0.0.8-alpha-7.tgz#50254526fe4397477944f05b02965ff99e18d3c4"
  integrity sha512-gkVL1PECQQOTA11dcM8Hk0RDj9msACn5F3Fq56LmT8l6a3Ie8lomExueG+pQ3PmnBlUMqut8T2NapHzVEgPReg==
  dependencies:
    slugify "^1.6.5"

lodash-es@^4.17.21:
  version "4.17.21"
  resolved "https://registry.yarnpkg.com/lodash-es/-/lodash-es-4.17.21.tgz#43e626c46e6591b7750beb2b50117390c609e3ee"
  integrity sha512-mKnC+QJ9pWVzv+C4/U3rRsHapFfHvQFoFB92e52xeyGMcX6/OlIl78je1u8vePzYZSkkogMPJ2yjxxsb89cxyw==

lodash-unified@^1.0.2:
  version "1.0.2"
  resolved "https://registry.yarnpkg.com/lodash-unified/-/lodash-unified-1.0.2.tgz#bb2694db3533781e5cce984af60cfaea318b83c1"
  integrity sha512-OGbEy+1P+UT26CYi4opY4gebD8cWRDxAT6MAObIVQMiqYdxZr1g3QHWCToVsm31x2NkLS4K3+MC2qInaRMa39g==

lodash@^4.17.21:
  version "4.17.21"
  resolved "https://registry.yarnpkg.com/lodash/-/lodash-4.17.21.tgz#679591c564c3bffaae8454cf0b3df370c3d6911c"
  integrity sha512-v2kDEe57lecTulaDIuNTPy3Ry4gLGJ6Z1O3vE1krgXZNrsQ+LFTGHVxVjcXPs17LhbZVGedAJv8XZ1tvj5FvSg==

memoize-one@^6.0.0:
  version "6.0.0"
  resolved "https://registry.yarnpkg.com/memoize-one/-/memoize-one-6.0.0.tgz#b2591b871ed82948aee4727dc6abceeeac8c1045"
  integrity sha512-rkpe71W0N0c0Xz6QD0eJETuWAJGnJ9afsl1srmwPrI+yBCkge5EycXXbYRyvL29zZVUWQCY7InPRCv3GDXuZNw==

normalize-wheel-es@^1.2.0:
  version "1.2.0"
  resolved "https://registry.yarnpkg.com/normalize-wheel-es/-/normalize-wheel-es-1.2.0.tgz#0fa2593d619f7245a541652619105ab076acf09e"
  integrity sha512-Wj7+EJQ8mSuXr2iWfnujrimU35R2W4FAErEyTmJoJ7ucwTn2hOUSsRehMb5RSYkxXGTM7Y9QpvPmp++w5ftoJw==

slugify@^1.6.5:
  version "1.6.5"
  resolved "https://registry.yarnpkg.com/slugify/-/slugify-1.6.5.tgz#c8f5c072bf2135b80703589b39a3d41451fbe8c8"
  integrity sha512-8mo9bslnBO3tr5PEVFzMPIWwWnipGS0xVbYf65zxDqfNwmzYn1LpiKNrR6DlClusuvo+hDHd1zKpmfAe83NQSQ==

vue-demi@*:
  version "0.13.11"
  resolved "https://registry.yarnpkg.com/vue-demi/-/vue-demi-0.13.11.tgz#7d90369bdae8974d87b1973564ad390182410d99"
  integrity sha512-IR8HoEEGM65YY3ZJYAjMlKygDQn25D5ajNFNoKh9RSDMQtlzCxtfQjdQgv9jjK+m3377SsJXY8ysq8kLCZL25A==
