lockfileVersion: 5.4

specifiers:
  '@codemirror/autocomplete': ^6.2.0
  '@codemirror/commands': ^6.1.0
  '@codemirror/lint': ^6.0.0
  '@codemirror/state': ^6.1.2
  '@codemirror/view': ^6.2.4
  codemirror: ^6.0.1
  formkl: 1.0.0-alpha.1

dependencies:
  '@codemirror/autocomplete': 6.3.0_gfxzz7znl3munfhalmzjkxl7vm
  '@codemirror/commands': 6.1.0
  '@codemirror/lint': 6.0.0
  '@codemirror/state': 6.1.2
  '@codemirror/view': 6.2.5
  codemirror: 6.0.1
  formkl: 1.0.0-alpha.1

packages:

  /@codemirror/autocomplete/6.3.0_gfxzz7znl3munfhalmzjkxl7vm:
    resolution: {integrity: sha512-4jEvh3AjJZTDKazd10J6ZsCIqaYxDMCeua5ouQxY8hlFIml+nr7le0SgBhT3SIytFBmdzPK3AUhXGuW3T79nVg==}
    peerDependencies:
      '@codemirror/state': ^6.0.0
      '@codemirror/view': ^6.0.0
    dependencies:
      '@codemirror/language': 6.2.1
      '@codemirror/state': 6.1.2
      '@codemirror/view': 6.2.5
      '@lezer/common': 1.0.1
    dev: false

  /@codemirror/commands/6.1.0:
    resolution: {integrity: sha512-qCj2YqmbBjj0P1iumnlL5lBqZvJPzT+t2UvgjcaXErp5ZvMqFRVgQyrEfdXX6SX5UcvcHKBjXqno+MkUp0aYvQ==}
    dependencies:
      '@codemirror/language': 6.2.1
      '@codemirror/state': 6.1.2
      '@codemirror/view': 6.2.5
      '@lezer/common': 1.0.1
    dev: false

  /@codemirror/language/6.2.1:
    resolution: {integrity: sha512-MC3svxuvIj0MRpFlGHxLS6vPyIdbTr2KKPEW46kCoCXw2ktb4NTkpkPBI/lSP/FoNXLCBJ0mrnUi1OoZxtpW1Q==}
    dependencies:
      '@codemirror/state': 6.1.2
      '@codemirror/view': 6.2.5
      '@lezer/common': 1.0.1
      '@lezer/highlight': 1.1.1
      '@lezer/lr': 1.2.3
      style-mod: 4.0.0
    dev: false

  /@codemirror/lint/6.0.0:
    resolution: {integrity: sha512-nUUXcJW1Xp54kNs+a1ToPLK8MadO0rMTnJB8Zk4Z8gBdrN0kqV7uvUraU/T2yqg+grDNR38Vmy/MrhQN/RgwiA==}
    dependencies:
      '@codemirror/state': 6.1.2
      '@codemirror/view': 6.2.5
      crelt: 1.0.5
    dev: false

  /@codemirror/search/6.2.0:
    resolution: {integrity: sha512-FVhpUvPFUJe8lg2EQJTTcF4RNI9d/OC3PVitvOfhv5OuY7ZgtMfJl22o5eMkzOEsUY2Wxe7BKGLpe2UI5Wq3PQ==}
    dependencies:
      '@codemirror/state': 6.1.2
      '@codemirror/view': 6.2.5
      crelt: 1.0.5
    dev: false

  /@codemirror/state/6.1.2:
    resolution: {integrity: sha512-Mxff85Hp5va+zuj+H748KbubXjrinX/k28lj43H14T2D0+4kuvEFIEIO7hCEcvBT8ubZyIelt9yGOjj2MWOEQA==}
    dev: false

  /@codemirror/view/6.2.5:
    resolution: {integrity: sha512-4kVS3RZi3nkPNfG2X/7+2L8IhoJv6dJ9yJz4KUlw4rwxI8OmVCKJzC/jnJqp+bVNOml+oA3gSF1kX2VvOiI72Q==}
    dependencies:
      '@codemirror/state': 6.1.2
      style-mod: 4.0.0
      w3c-keyname: 2.2.6
    dev: false

  /@lezer/common/1.0.1:
    resolution: {integrity: sha512-8TR5++Q/F//tpDsLd5zkrvEX5xxeemafEaek7mUp7Y+bI8cKQXdSqhzTOBaOogETcMOVr0pT3BBPXp13477ciw==}
    dev: false

  /@lezer/highlight/1.1.1:
    resolution: {integrity: sha512-duv9D23O9ghEDnnUDmxu+L8pJy4nYo4AbCOHIudUhscrLSazqeJeK1V50EU6ZufWF1zv0KJwu/frFRyZWXxHBQ==}
    dependencies:
      '@lezer/common': 1.0.1
    dev: false

  /@lezer/lr/1.2.3:
    resolution: {integrity: sha512-qpB7rBzH8f6Mzjv2AVZRahcm+2Cf7nbIH++uXbvVOL1yIRvVWQ3HAM/saeBLCyz/togB7LGo76qdJYL1uKQlqA==}
    dependencies:
      '@lezer/common': 1.0.1
    dev: false

  /codemirror/6.0.1:
    resolution: {integrity: sha512-J8j+nZ+CdWmIeFIGXEFbFPtpiYacFMDR8GlHK3IyHQJMCaVRfGx9NT+Hxivv1ckLWPvNdZqndbr/7lVhrf/Svg==}
    dependencies:
      '@codemirror/autocomplete': 6.3.0_gfxzz7znl3munfhalmzjkxl7vm
      '@codemirror/commands': 6.1.0
      '@codemirror/language': 6.2.1
      '@codemirror/lint': 6.0.0
      '@codemirror/search': 6.2.0
      '@codemirror/state': 6.1.2
      '@codemirror/view': 6.2.5
    dev: false

  /crelt/1.0.5:
    resolution: {integrity: sha512-+BO9wPPi+DWTDcNYhr/W90myha8ptzftZT+LwcmUbbok0rcP/fequmFYCw8NMoH7pkAZQzU78b3kYrlua5a9eA==}
    dev: false

  /formkl/1.0.0-alpha.1:
    resolution: {integrity: sha512-js44F+2kJk3/GR/zmSu3d39obxJbpIrdaPzqoUZTrs+sUu1KW5ghzaHg4OJx9b4LQCturdSMt4HmrEvs/nuirQ==}
    dependencies:
      slugify: 1.6.5
    dev: false

  /slugify/1.6.5:
    resolution: {integrity: sha512-8mo9bslnBO3tr5PEVFzMPIWwWnipGS0xVbYf65zxDqfNwmzYn1LpiKNrR6DlClusuvo+hDHd1zKpmfAe83NQSQ==}
    engines: {node: '>=8.0.0'}
    dev: false

  /style-mod/4.0.0:
    resolution: {integrity: sha512-OPhtyEjyyN9x3nhPsu76f52yUGXiZcgvsrFVtvTkyGRQJ0XK+GPc6ov1z+lRpbeabka+MYEQxOYRnt5nF30aMw==}
    dev: false

  /w3c-keyname/2.2.6:
    resolution: {integrity: sha512-f+fciywl1SJEniZHD6H+kUO8gOnwIr7f4ijKA6+ZvJFjeGi1r4PDLl53Ayud9O/rk64RqgoQine0feoeOU0kXg==}
    dev: false
